// !$*UTF8*$!
{
	archiveVersion = 1;
	classes = {
	};
	objectVersion = 46;
	objects = {

/* Begin PBXBuildFile section */
		91A7295D1AB093AF0031D3F0 /* main.m in Sources */ = {isa = PBXBuildFile; fileRef = 91A7295C1AB093AF0031D3F0 /* main.m */; };
		91A729601AB093AF0031D3F0 /* AppDelegate.m in Sources */ = {isa = PBXBuildFile; fileRef = 91A7295F1AB093AF0031D3F0 /* AppDelegate.m */; };
		91A729661AB093AF0031D3F0 /* Main.storyboard in Resources */ = {isa = PBXBuildFile; fileRef = 91A729641AB093AF0031D3F0 /* Main.storyboard */; };
		91A729681AB093AF0031D3F0 /* Images.xcassets in Resources */ = {isa = PBXBuildFile; fileRef = 91A729671AB093AF0031D3F0 /* Images.xcassets */; };
		91A7296B1AB093AF0031D3F0 /* LaunchScreen.xib in Resources */ = {isa = PBXBuildFile; fileRef = 91A729691AB093AF0031D3F0 /* LaunchScreen.xib */; };
		91A729771AB093AF0031D3F0 /* LyricLifeTests.m in Sources */ = {isa = PBXBuildFile; fileRef = 91A729761AB093AF0031D3F0 /* LyricLifeTests.m */; };
		91A729821AB097B70031D3F0 /* SearchLyricsViewController.m in Sources */ = {isa = PBXBuildFile; fileRef = 91A729811AB097B70031D3F0 /* SearchLyricsViewController.m */; };
		91A729891AB09A5F0031D3F0 /* Lyrics.m in Sources */ = {isa = PBXBuildFile; fileRef = 91A729881AB09A5F0031D3F0 /* Lyrics.m */; };
		91A7298D1AB09B7D0031D3F0 /* LyricsTests.m in Sources */ = {isa = PBXBuildFile; fileRef = 91A7298C1AB09B7D0031D3F0 /* LyricsTests.m */; };
		91A729911AB0A0F10031D3F0 /* Track.m in Sources */ = {isa = PBXBuildFile; fileRef = 91A729901AB0A0F10031D3F0 /* Track.m */; };
		91A729931AB0A18A0031D3F0 /* TrackTests.m in Sources */ = {isa = PBXBuildFile; fileRef = 91A729921AB0A18A0031D3F0 /* TrackTests.m */; };
		91A729971AB0A6610031D3F0 /* TrackSearchRequest.m in Sources */ = {isa = PBXBuildFile; fileRef = 91A729961AB0A6610031D3F0 /* TrackSearchRequest.m */; };
		91A7299A1AB0A6710031D3F0 /* LyricsSearchRequest.m in Sources */ = {isa = PBXBuildFile; fileRef = 91A729991AB0A6710031D3F0 /* LyricsSearchRequest.m */; };
		91A729A01AB0AE000031D3F0 /* RequestMaker.m in Sources */ = {isa = PBXBuildFile; fileRef = 91A7299F1AB0AE000031D3F0 /* RequestMaker.m */; };
		91A729A31AB0B3C50031D3F0 /* URLFriendlyString.m in Sources */ = {isa = PBXBuildFile; fileRef = 91A729A21AB0B3C50031D3F0 /* URLFriendlyString.m */; };
		91A729A71AB0B57B0031D3F0 /* TrackParser.m in Sources */ = {isa = PBXBuildFile; fileRef = 91A729A61AB0B57B0031D3F0 /* TrackParser.m */; };
		91A729AA1AB0B58B0031D3F0 /* LyricsParser.m in Sources */ = {isa = PBXBuildFile; fileRef = 91A729A91AB0B58B0031D3F0 /* LyricsParser.m */; };
		91A729AD1AB0C3750031D3F0 /* LyricsViewController.m in Sources */ = {isa = PBXBuildFile; fileRef = 91A729AC1AB0C3750031D3F0 /* LyricsViewController.m */; };
/* End PBXBuildFile section */

/* Begin PBXContainerItemProxy section */
		91A729711AB093AF0031D3F0 /* PBXContainerItemProxy */ = {
			isa = PBXContainerItemProxy;
			containerPortal = 91A7294F1AB093AF0031D3F0 /* Project object */;
			proxyType = 1;
			remoteGlobalIDString = 91A729561AB093AF0031D3F0;
			remoteInfo = LyricLife;
		};
/* End PBXContainerItemProxy section */

/* Begin PBXFileReference section */
		91A729571AB093AF0031D3F0 /* LyricLife.app */ = {isa = PBXFileReference; explicitFileType = wrapper.application; includeInIndex = 0; path = LyricLife.app; sourceTree = BUILT_PRODUCTS_DIR; };
		91A7295B1AB093AF0031D3F0 /* Info.plist */ = {isa = PBXFileReference; lastKnownFileType = text.plist.xml; path = Info.plist; sourceTree = "<group>"; };
		91A7295C1AB093AF0031D3F0 /* main.m */ = {isa = PBXFileReference; lastKnownFileType = sourcecode.c.objc; path = main.m; sourceTree = "<group>"; };
		91A7295E1AB093AF0031D3F0 /* AppDelegate.h */ = {isa = PBXFileReference; lastKnownFileType = sourcecode.c.h; path = AppDelegate.h; sourceTree = "<group>"; };
		91A7295F1AB093AF0031D3F0 /* AppDelegate.m */ = {isa = PBXFileReference; lastKnownFileType = sourcecode.c.objc; path = AppDelegate.m; sourceTree = "<group>"; };
		91A729651AB093AF0031D3F0 /* Base */ = {isa = PBXFileReference; lastKnownFileType = file.storyboard; name = Base; path = Base.lproj/Main.storyboard; sourceTree = "<group>"; };
		91A729671AB093AF0031D3F0 /* Images.xcassets */ = {isa = PBXFileReference; lastKnownFileType = folder.assetcatalog; path = Images.xcassets; sourceTree = "<group>"; };
		91A7296A1AB093AF0031D3F0 /* Base */ = {isa = PBXFileReference; lastKnownFileType = file.xib; name = Base; path = Base.lproj/LaunchScreen.xib; sourceTree = "<group>"; };
		91A729701AB093AF0031D3F0 /* LyricLifeTests.xctest */ = {isa = PBXFileReference; explicitFileType = wrapper.cfbundle; includeInIndex = 0; path = LyricLifeTests.xctest; sourceTree = BUILT_PRODUCTS_DIR; };
		91A729751AB093AF0031D3F0 /* Info.plist */ = {isa = PBXFileReference; lastKnownFileType = text.plist.xml; path = Info.plist; sourceTree = "<group>"; };
		91A729761AB093AF0031D3F0 /* LyricLifeTests.m */ = {isa = PBXFileReference; lastKnownFileType = sourcecode.c.objc; path = LyricLifeTests.m; sourceTree = "<group>"; };
		91A729801AB097B70031D3F0 /* SearchLyricsViewController.h */ = {isa = PBXFileReference; fileEncoding = 4; lastKnownFileType = sourcecode.c.h; path = SearchLyricsViewController.h; sourceTree = "<group>"; };
		91A729811AB097B70031D3F0 /* SearchLyricsViewController.m */ = {isa = PBXFileReference; fileEncoding = 4; lastKnownFileType = sourcecode.c.objc; path = SearchLyricsViewController.m; sourceTree = "<group>"; };
		91A729871AB09A5F0031D3F0 /* Lyrics.h */ = {isa = PBXFileReference; fileEncoding = 4; lastKnownFileType = sourcecode.c.h; path = Lyrics.h; sourceTree = "<group>"; };
		91A729881AB09A5F0031D3F0 /* Lyrics.m */ = {isa = PBXFileReference; fileEncoding = 4; lastKnownFileType = sourcecode.c.objc; path = Lyrics.m; sourceTree = "<group>"; };
		91A7298C1AB09B7D0031D3F0 /* LyricsTests.m */ = {isa = PBXFileReference; fileEncoding = 4; lastKnownFileType = sourcecode.c.objc; path = LyricsTests.m; sourceTree = "<group>"; };
		91A7298F1AB0A0F10031D3F0 /* Track.h */ = {isa = PBXFileReference; fileEncoding = 4; lastKnownFileType = sourcecode.c.h; path = Track.h; sourceTree = "<group>"; };
		91A729901AB0A0F10031D3F0 /* Track.m */ = {isa = PBXFileReference; fileEncoding = 4; lastKnownFileType = sourcecode.c.objc; path = Track.m; sourceTree = "<group>"; };
		91A729921AB0A18A0031D3F0 /* TrackTests.m */ = {isa = PBXFileReference; fileEncoding = 4; lastKnownFileType = sourcecode.c.objc; path = TrackTests.m; sourceTree = "<group>"; };
		91A729951AB0A6610031D3F0 /* TrackSearchRequest.h */ = {isa = PBXFileReference; fileEncoding = 4; lastKnownFileType = sourcecode.c.h; path = TrackSearchRequest.h; sourceTree = "<group>"; };
		91A729961AB0A6610031D3F0 /* TrackSearchRequest.m */ = {isa = PBXFileReference; fileEncoding = 4; lastKnownFileType = sourcecode.c.objc; path = TrackSearchRequest.m; sourceTree = "<group>"; };
		91A729981AB0A6710031D3F0 /* LyricsSearchRequest.h */ = {isa = PBXFileReference; fileEncoding = 4; lastKnownFileType = sourcecode.c.h; path = LyricsSearchRequest.h; sourceTree = "<group>"; };
		91A729991AB0A6710031D3F0 /* LyricsSearchRequest.m */ = {isa = PBXFileReference; fileEncoding = 4; lastKnownFileType = sourcecode.c.objc; path = LyricsSearchRequest.m; sourceTree = "<group>"; };
		91A7299E1AB0AE000031D3F0 /* RequestMaker.h */ = {isa = PBXFileReference; fileEncoding = 4; lastKnownFileType = sourcecode.c.h; path = RequestMaker.h; sourceTree = "<group>"; };
		91A7299F1AB0AE000031D3F0 /* RequestMaker.m */ = {isa = PBXFileReference; fileEncoding = 4; lastKnownFileType = sourcecode.c.objc; path = RequestMaker.m; sourceTree = "<group>"; };
		91A729A11AB0B3C50031D3F0 /* URLFriendlyString.h */ = {isa = PBXFileReference; fileEncoding = 4; lastKnownFileType = sourcecode.c.h; path = URLFriendlyString.h; sourceTree = "<group>"; };
		91A729A21AB0B3C50031D3F0 /* URLFriendlyString.m */ = {isa = PBXFileReference; fileEncoding = 4; lastKnownFileType = sourcecode.c.objc; path = URLFriendlyString.m; sourceTree = "<group>"; };
		91A729A51AB0B57B0031D3F0 /* TrackParser.h */ = {isa = PBXFileReference; fileEncoding = 4; lastKnownFileType = sourcecode.c.h; path = TrackParser.h; sourceTree = "<group>"; };
		91A729A61AB0B57B0031D3F0 /* TrackParser.m */ = {isa = PBXFileReference; fileEncoding = 4; lastKnownFileType = sourcecode.c.objc; path = TrackParser.m; sourceTree = "<group>"; };
		91A729A81AB0B58B0031D3F0 /* LyricsParser.h */ = {isa = PBXFileReference; fileEncoding = 4; lastKnownFileType = sourcecode.c.h; path = LyricsParser.h; sourceTree = "<group>"; };
		91A729A91AB0B58B0031D3F0 /* LyricsParser.m */ = {isa = PBXFileReference; fileEncoding = 4; lastKnownFileType = sourcecode.c.objc; path = LyricsParser.m; sourceTree = "<group>"; };
		91A729AB1AB0C3750031D3F0 /* LyricsViewController.h */ = {isa = PBXFileReference; fileEncoding = 4; lastKnownFileType = sourcecode.c.h; path = LyricsViewController.h; sourceTree = "<group>"; };
		91A729AC1AB0C3750031D3F0 /* LyricsViewController.m */ = {isa = PBXFileReference; fileEncoding = 4; lastKnownFileType = sourcecode.c.objc; path = LyricsViewController.m; sourceTree = "<group>"; };
/* End PBXFileReference section */

/* Begin PBXFrameworksBuildPhase section */
		91A729541AB093AF0031D3F0 /* Frameworks */ = {
			isa = PBXFrameworksBuildPhase;
			buildActionMask = 2147483647;
			files = (
			);
			runOnlyForDeploymentPostprocessing = 0;
		};
		91A7296D1AB093AF0031D3F0 /* Frameworks */ = {
			isa = PBXFrameworksBuildPhase;
			buildActionMask = 2147483647;
			files = (
			);
			runOnlyForDeploymentPostprocessing = 0;
		};
/* End PBXFrameworksBuildPhase section */

/* Begin PBXGroup section */
		91A7294E1AB093AF0031D3F0 = {
			isa = PBXGroup;
			children = (
				91A729591AB093AF0031D3F0 /* LyricLife */,
				91A729731AB093AF0031D3F0 /* LyricLifeTests */,
				91A729581AB093AF0031D3F0 /* Products */,
			);
			sourceTree = "<group>";
		};
		91A729581AB093AF0031D3F0 /* Products */ = {
			isa = PBXGroup;
			children = (
				91A729571AB093AF0031D3F0 /* LyricLife.app */,
				91A729701AB093AF0031D3F0 /* LyricLifeTests.xctest */,
			);
			name = Products;
			sourceTree = "<group>";
		};
		91A729591AB093AF0031D3F0 /* LyricLife */ = {
			isa = PBXGroup;
			children = (
				91A7298E1AB09FE30031D3F0 /* Entities */,
				91A729A41AB0B5300031D3F0 /* Data Parser */,
				91A729941AB0A6290031D3F0 /* Request */,
				91A729841AB099140031D3F0 /* View */,
				91A7295E1AB093AF0031D3F0 /* AppDelegate.h */,
				91A7295F1AB093AF0031D3F0 /* AppDelegate.m */,
				91A729671AB093AF0031D3F0 /* Images.xcassets */,
				91A729691AB093AF0031D3F0 /* LaunchScreen.xib */,
				91A7295A1AB093AF0031D3F0 /* Supporting Files */,
				91A729831AB098B40031D3F0 /* Interactor */,
			);
			path = LyricLife;
			sourceTree = "<group>";
		};
		91A7295A1AB093AF0031D3F0 /* Supporting Files */ = {
			isa = PBXGroup;
			children = (
				91A7295B1AB093AF0031D3F0 /* Info.plist */,
				91A7295C1AB093AF0031D3F0 /* main.m */,
			);
			name = "Supporting Files";
			sourceTree = "<group>";
		};
		91A729731AB093AF0031D3F0 /* LyricLifeTests */ = {
			isa = PBXGroup;
			children = (
				91A729761AB093AF0031D3F0 /* LyricLifeTests.m */,
				91A729741AB093AF0031D3F0 /* Supporting Files */,
				91A7298C1AB09B7D0031D3F0 /* LyricsTests.m */,
				91A729921AB0A18A0031D3F0 /* TrackTests.m */,
			);
			path = LyricLifeTests;
			sourceTree = "<group>";
		};
		91A729741AB093AF0031D3F0 /* Supporting Files */ = {
			isa = PBXGroup;
			children = (
				91A729751AB093AF0031D3F0 /* Info.plist */,
			);
			name = "Supporting Files";
			sourceTree = "<group>";
		};
		91A729831AB098B40031D3F0 /* Interactor */ = {
			isa = PBXGroup;
			children = (
			);
			name = Interactor;
			sourceTree = "<group>";
		};
		91A729841AB099140031D3F0 /* View */ = {
			isa = PBXGroup;
			children = (
				91A729641AB093AF0031D3F0 /* Main.storyboard */,
				91A729801AB097B70031D3F0 /* SearchLyricsViewController.h */,
				91A729811AB097B70031D3F0 /* SearchLyricsViewController.m */,
				91A729AB1AB0C3750031D3F0 /* LyricsViewController.h */,
				91A729AC1AB0C3750031D3F0 /* LyricsViewController.m */,
			);
			name = View;
			sourceTree = "<group>";
		};
		91A7298E1AB09FE30031D3F0 /* Entities */ = {
			isa = PBXGroup;
			children = (
				91A729871AB09A5F0031D3F0 /* Lyrics.h */,
				91A729881AB09A5F0031D3F0 /* Lyrics.m */,
				91A7298F1AB0A0F10031D3F0 /* Track.h */,
				91A729901AB0A0F10031D3F0 /* Track.m */,
			);
			name = Entities;
			sourceTree = "<group>";
		};
		91A729941AB0A6290031D3F0 /* Request */ = {
			isa = PBXGroup;
			children = (
				91A729951AB0A6610031D3F0 /* TrackSearchRequest.h */,
				91A729961AB0A6610031D3F0 /* TrackSearchRequest.m */,
				91A729981AB0A6710031D3F0 /* LyricsSearchRequest.h */,
				91A729991AB0A6710031D3F0 /* LyricsSearchRequest.m */,
				91A7299E1AB0AE000031D3F0 /* RequestMaker.h */,
				91A7299F1AB0AE000031D3F0 /* RequestMaker.m */,
				91A729A11AB0B3C50031D3F0 /* URLFriendlyString.h */,
				91A729A21AB0B3C50031D3F0 /* URLFriendlyString.m */,
			);
			name = Request;
			sourceTree = "<group>";
		};
		91A729A41AB0B5300031D3F0 /* Data Parser */ = {
			isa = PBXGroup;
			children = (
				91A729A51AB0B57B0031D3F0 /* TrackParser.h */,
				91A729A61AB0B57B0031D3F0 /* TrackParser.m */,
				91A729A81AB0B58B0031D3F0 /* LyricsParser.h */,
				91A729A91AB0B58B0031D3F0 /* LyricsParser.m */,
			);
			name = "Data Parser";
			path = ..;
			sourceTree = "<group>";
		};
/* End PBXGroup section */

/* Begin PBXNativeTarget section */
		91A729561AB093AF0031D3F0 /* LyricLife */ = {
			isa = PBXNativeTarget;
			buildConfigurationList = 91A7297A1AB093AF0031D3F0 /* Build configuration list for PBXNativeTarget "LyricLife" */;
			buildPhases = (
				91A729531AB093AF0031D3F0 /* Sources */,
				91A729541AB093AF0031D3F0 /* Frameworks */,
				91A729551AB093AF0031D3F0 /* Resources */,
			);
			buildRules = (
			);
			dependencies = (
			);
			name = LyricLife;
			productName = LyricLife;
			productReference = 91A729571AB093AF0031D3F0 /* LyricLife.app */;
			productType = "com.apple.product-type.application";
		};
		91A7296F1AB093AF0031D3F0 /* LyricLifeTests */ = {
			isa = PBXNativeTarget;
			buildConfigurationList = 91A7297D1AB093AF0031D3F0 /* Build configuration list for PBXNativeTarget "LyricLifeTests" */;
			buildPhases = (
				91A7296C1AB093AF0031D3F0 /* Sources */,
				91A7296D1AB093AF0031D3F0 /* Frameworks */,
				91A7296E1AB093AF0031D3F0 /* Resources */,
			);
			buildRules = (
			);
			dependencies = (
				91A729721AB093AF0031D3F0 /* PBXTargetDependency */,
			);
			name = LyricLifeTests;
			productName = LyricLifeTests;
			productReference = 91A729701AB093AF0031D3F0 /* LyricLifeTests.xctest */;
			productType = "com.apple.product-type.bundle.unit-test";
		};
/* End PBXNativeTarget section */

/* Begin PBXProject section */
		91A7294F1AB093AF0031D3F0 /* Project object */ = {
			isa = PBXProject;
			attributes = {
				LastUpgradeCheck = 0620;
				ORGANIZATIONNAME = "Jessie Serrino";
				TargetAttributes = {
					91A729561AB093AF0031D3F0 = {
						CreatedOnToolsVersion = 6.2;
					};
					91A7296F1AB093AF0031D3F0 = {
						CreatedOnToolsVersion = 6.2;
						TestTargetID = 91A729561AB093AF0031D3F0;
					};
				};
			};
			buildConfigurationList = 91A729521AB093AF0031D3F0 /* Build configuration list for PBXProject "LyricLife" */;
			compatibilityVersion = "Xcode 3.2";
			developmentRegion = English;
			hasScannedForEncodings = 0;
			knownRegions = (
				en,
				Base,
			);
			mainGroup = 91A7294E1AB093AF0031D3F0;
			productRefGroup = 91A729581AB093AF0031D3F0 /* Products */;
			projectDirPath = "";
			projectRoot = "";
			targets = (
				91A729561AB093AF0031D3F0 /* LyricLife */,
				91A7296F1AB093AF0031D3F0 /* LyricLifeTests */,
			);
		};
/* End PBXProject section */

/* Begin PBXResourcesBuildPhase section */
		91A729551AB093AF0031D3F0 /* Resources */ = {
			isa = PBXResourcesBuildPhase;
			buildActionMask = 2147483647;
			files = (
				91A729661AB093AF0031D3F0 /* Main.storyboard in Resources */,
				91A7296B1AB093AF0031D3F0 /* LaunchScreen.xib in Resources */,
				91A729681AB093AF0031D3F0 /* Images.xcassets in Resources */,
			);
			runOnlyForDeploymentPostprocessing = 0;
		};
		91A7296E1AB093AF0031D3F0 /* Resources */ = {
			isa = PBXResourcesBuildPhase;
			buildActionMask = 2147483647;
			files = (
			);
			runOnlyForDeploymentPostprocessing = 0;
		};
/* End PBXResourcesBuildPhase section */

/* Begin PBXSourcesBuildPhase section */
		91A729531AB093AF0031D3F0 /* Sources */ = {
			isa = PBXSourcesBuildPhase;
			buildActionMask = 2147483647;
			files = (
				91A7299A1AB0A6710031D3F0 /* LyricsSearchRequest.m in Sources */,
				91A729891AB09A5F0031D3F0 /* Lyrics.m in Sources */,
				91A729A71AB0B57B0031D3F0 /* TrackParser.m in Sources */,
				91A729A31AB0B3C50031D3F0 /* URLFriendlyString.m in Sources */,
				91A729A01AB0AE000031D3F0 /* RequestMaker.m in Sources */,
				91A729601AB093AF0031D3F0 /* AppDelegate.m in Sources */,
				91A729911AB0A0F10031D3F0 /* Track.m in Sources */,
				91A729971AB0A6610031D3F0 /* TrackSearchRequest.m in Sources */,
				91A729821AB097B70031D3F0 /* SearchLyricsViewController.m in Sources */,
				91A729AA1AB0B58B0031D3F0 /* LyricsParser.m in Sources */,
				91A729AD1AB0C3750031D3F0 /* LyricsViewController.m in Sources */,
				91A7295D1AB093AF0031D3F0 /* main.m in Sources */,
			);
			runOnlyForDeploymentPostprocessing = 0;
		};
		91A7296C1AB093AF0031D3F0 /* Sources */ = {
			isa = PBXSourcesBuildPhase;
			buildActionMask = 2147483647;
			files = (
				91A7298D1AB09B7D0031D3F0 /* LyricsTests.m in Sources */,
				91A729771AB093AF0031D3F0 /* LyricLifeTests.m in Sources */,
				91A729931AB0A18A0031D3F0 /* TrackTests.m in Sources */,
			);
			runOnlyForDeploymentPostprocessing = 0;
		};
/* End PBXSourcesBuildPhase section */

/* Begin PBXTargetDependency section */
		91A729721AB093AF0031D3F0 /* PBXTargetDependency */ = {
			isa = PBXTargetDependency;
			target = 91A729561AB093AF0031D3F0 /* LyricLife */;
			targetProxy = 91A729711AB093AF0031D3F0 /* PBXContainerItemProxy */;
		};
/* End PBXTargetDependency section */

/* Begin PBXVariantGroup section */
		91A729641AB093AF0031D3F0 /* Main.storyboard */ = {
			isa = PBXVariantGroup;
			children = (
				91A729651AB093AF0031D3F0 /* Base */,
			);
			name = Main.storyboard;
			sourceTree = "<group>";
		};
		91A729691AB093AF0031D3F0 /* LaunchScreen.xib */ = {
			isa = PBXVariantGroup;
			children = (
				91A7296A1AB093AF0031D3F0 /* Base */,
			);
			name = LaunchScreen.xib;
			sourceTree = "<group>";
		};
/* End PBXVariantGroup section */

/* Begin XCBuildConfiguration section */
		91A729781AB093AF0031D3F0 /* Debug */ = {
			isa = XCBuildConfiguration;
			buildSettings = {
				ALWAYS_SEARCH_USER_PATHS = NO;
				CLANG_CXX_LANGUAGE_STANDARD = "gnu++0x";
				CLANG_CXX_LIBRARY = "libc++";
				CLANG_ENABLE_MODULES = YES;
				CLANG_ENABLE_OBJC_ARC = YES;
				CLANG_WARN_BOOL_CONVERSION = YES;
				CLANG_WARN_CONSTANT_CONVERSION = YES;
				CLANG_WARN_DIRECT_OBJC_ISA_USAGE = YES_ERROR;
				CLANG_WARN_EMPTY_BODY = YES;
				CLANG_WARN_ENUM_CONVERSION = YES;
				CLANG_WARN_INT_CONVERSION = YES;
				CLANG_WARN_OBJC_ROOT_CLASS = YES_ERROR;
				CLANG_WARN_UNREACHABLE_CODE = YES;
				CLANG_WARN__DUPLICATE_METHOD_MATCH = YES;
				"CODE_SIGN_IDENTITY[sdk=iphoneos*]" = "iPhone Developer";
				COPY_PHASE_STRIP = NO;
				ENABLE_STRICT_OBJC_MSGSEND = YES;
				GCC_C_LANGUAGE_STANDARD = gnu99;
				GCC_DYNAMIC_NO_PIC = NO;
				GCC_OPTIMIZATION_LEVEL = 0;
				GCC_PREPROCESSOR_DEFINITIONS = (
					"DEBUG=1",
					"$(inherited)",
				);
				GCC_SYMBOLS_PRIVATE_EXTERN = NO;
				GCC_WARN_64_TO_32_BIT_CONVERSION = YES;
				GCC_WARN_ABOUT_RETURN_TYPE = YES_ERROR;
				GCC_WARN_UNDECLARED_SELECTOR = YES;
				GCC_WARN_UNINITIALIZED_AUTOS = YES_AGGRESSIVE;
				GCC_WARN_UNUSED_FUNCTION = YES;
				GCC_WARN_UNUSED_VARIABLE = YES;
				IPHONEOS_DEPLOYMENT_TARGET = 8.2;
				MTL_ENABLE_DEBUG_INFO = YES;
				ONLY_ACTIVE_ARCH = YES;
				SDKROOT = iphoneos;
			};
			name = Debug;
		};
		91A729791AB093AF0031D3F0 /* Release */ = {
			isa = XCBuildConfiguration;
			buildSettings = {
				ALWAYS_SEARCH_USER_PATHS = NO;
				CLANG_CXX_LANGUAGE_STANDARD = "gnu++0x";
				CLANG_CXX_LIBRARY = "libc++";
				CLANG_ENABLE_MODULES = YES;
				CLANG_ENABLE_OBJC_ARC = YES;
				CLANG_WARN_BOOL_CONVERSION = YES;
				CLANG_WARN_CONSTANT_CONVERSION = YES;
				CLANG_WARN_DIRECT_OBJC_ISA_USAGE = YES_ERROR;
				CLANG_WARN_EMPTY_BODY = YES;
				CLANG_WARN_ENUM_CONVERSION = YES;
				CLANG_WARN_INT_CONVERSION = YES;
				CLANG_WARN_OBJC_ROOT_CLASS = YES_ERROR;
				CLANG_WARN_UNREACHABLE_CODE = YES;
				CLANG_WARN__DUPLICATE_METHOD_MATCH = YES;
				"CODE_SIGN_IDENTITY[sdk=iphoneos*]" = "iPhone Developer";
				COPY_PHASE_STRIP = NO;
				ENABLE_NS_ASSERTIONS = NO;
				ENABLE_STRICT_OBJC_MSGSEND = YES;
				GCC_C_LANGUAGE_STANDARD = gnu99;
				GCC_WARN_64_TO_32_BIT_CONVERSION = YES;
				GCC_WARN_ABOUT_RETURN_TYPE = YES_ERROR;
				GCC_WARN_UNDECLARED_SELECTOR = YES;
				GCC_WARN_UNINITIALIZED_AUTOS = YES_AGGRESSIVE;
				GCC_WARN_UNUSED_FUNCTION = YES;
				GCC_WARN_UNUSED_VARIABLE = YES;
				IPHONEOS_DEPLOYMENT_TARGET = 8.2;
				MTL_ENABLE_DEBUG_INFO = NO;
				SDKROOT = iphoneos;
				VALIDATE_PRODUCT = YES;
			};
			name = Release;
		};
		91A7297B1AB093AF0031D3F0 /* Debug */ = {
			isa = XCBuildConfiguration;
			buildSettings = {
				ASSETCATALOG_COMPILER_APPICON_NAME = AppIcon;
				INFOPLIST_FILE = LyricLife/Info.plist;
				IPHONEOS_DEPLOYMENT_TARGET = 8.1;
				LD_RUNPATH_SEARCH_PATHS = "$(inherited) @executable_path/Frameworks";
				PRODUCT_NAME = "$(TARGET_NAME)";
			};
			name = Debug;
		};
		91A7297C1AB093AF0031D3F0 /* Release */ = {
			isa = XCBuildConfiguration;
			buildSettings = {
				ASSETCATALOG_COMPILER_APPICON_NAME = AppIcon;
				INFOPLIST_FILE = LyricLife/Info.plist;
				IPHONEOS_DEPLOYMENT_TARGET = 8.1;
				LD_RUNPATH_SEARCH_PATHS = "$(inherited) @executable_path/Frameworks";
				PRODUCT_NAME = "$(TARGET_NAME)";
			};
			name = Release;
		};
		91A7297E1AB093AF0031D3F0 /* Debug */ = {
			isa = XCBuildConfiguration;
			buildSettings = {
				BUNDLE_LOADER = "$(TEST_HOST)";
				FRAMEWORK_SEARCH_PATHS = (
					"$(SDKROOT)/Developer/Library/Frameworks",
					"$(inherited)",
				);
				GCC_PREPROCESSOR_DEFINITIONS = (
					"DEBUG=1",
					"$(inherited)",
				);
				INFOPLIST_FILE = LyricLifeTests/Info.plist;
				LD_RUNPATH_SEARCH_PATHS = "$(inherited) @executable_path/Frameworks @loader_path/Frameworks";
				PRODUCT_NAME = "$(TARGET_NAME)";
				TEST_HOST = "$(BUILT_PRODUCTS_DIR)/LyricLife.app/LyricLife";
			};
			name = Debug;
		};
		91A7297F1AB093AF0031D3F0 /* Release */ = {
			isa = XCBuildConfiguration;
			buildSettings = {
				BUNDLE_LOADER = "$(TEST_HOST)";
				FRAMEWORK_SEARCH_PATHS = (
					"$(SDKROOT)/Developer/Library/Frameworks",
					"$(inherited)",
				);
				INFOPLIST_FILE = LyricLifeTests/Info.plist;
				LD_RUNPATH_SEARCH_PATHS = "$(inherited) @executable_path/Frameworks @loader_path/Frameworks";
				PRODUCT_NAME = "$(TARGET_NAME)";
				TEST_HOST = "$(BUILT_PRODUCTS_DIR)/LyricLife.app/LyricLife";
			};
			name = Release;
		};
/* End XCBuildConfiguration section */

/* Begin XCConfigurationList section */
		91A729521AB093AF0031D3F0 /* Build configuration list for PBXProject "LyricLife" */ = {
			isa = XCConfigurationList;
			buildConfigurations = (
				91A729781AB093AF0031D3F0 /* Debug */,
				91A729791AB093AF0031D3F0 /* Release */,
			);
			defaultConfigurationIsVisible = 0;
			defaultConfigurationName = Release;
		};
		91A7297A1AB093AF0031D3F0 /* Build configuration list for PBXNativeTarget "LyricLife" */ = {
			isa = XCConfigurationList;
			buildConfigurations = (
				91A7297B1AB093AF0031D3F0 /* Debug */,
				91A7297C1AB093AF0031D3F0 /* Release */,
			);
			defaultConfigurationIsVisible = 0;
		};
		91A7297D1AB093AF0031D3F0 /* Build configuration list for PBXNativeTarget "LyricLifeTests" */ = {
			isa = XCConfigurationList;
			buildConfigurations = (
				91A7297E1AB093AF0031D3F0 /* Debug */,
				91A7297F1AB093AF0031D3F0 /* Release */,
			);
			defaultConfigurationIsVisible = 0;
		};
/* End XCConfigurationList section */
	};
	rootObject = 91A7294F1AB093AF0031D3F0 /* Project object */;
}
